# This file is autogenerated, do not edit; changes may be undone by the next 'dep ensure'.


[[projects]]
  branch = "master"
  name = "github.com/juju/errors"
  packages = ["."]
  revision = "c7d06af17c68cd34c835053720b21f6549d9b0ee"

[[projects]]
  branch = "master"
  name = "github.com/juju/loggo"
  packages = ["."]
  revision = "584905176618da46b895b176c721b02c476b6993"

[[projects]]
  branch = "master"
  name = "github.com/juju/retry"
  packages = ["."]
  revision = "1998d01ba1c3eeb4a4728c4a50660025b2fe7c8f"

[[projects]]
  branch = "master"
  name = "github.com/juju/schema"
  packages = ["."]
  revision = "e4f08199aa80d3194008c0bd2e14ef5edc0e6be6"

[[projects]]
  branch = "master"
  name = "github.com/juju/testing"
  packages = [
    ".",
    "checkers"
  ]
  revision = "72703b1e95eb8ce4737fd8a3d8496c6b0be280a6"

[[projects]]
  branch = "master"
  name = "github.com/juju/utils"
  packages = [
    ".",
    "clock",
    "set"
  ]
  revision = "c746c6e86f4fb2a04bc08d66b7a0f7e900d9cbab"

[[projects]]
  branch = "master"
  name = "github.com/juju/version"
  packages = ["."]
  revision = "b64dbd566305c836274f0268fa59183a52906b36"

[[projects]]
  name = "github.com/kr/pretty"
  packages = ["."]
  revision = "73f6ac0b30a98e433b289500d779f50c1a6f0712"
  version = "v0.1.0"

[[projects]]
  name = "github.com/kr/text"
  packages = ["."]
  revision = "e2ffdb16a802fe2bb95e2e35ff34f0e53aeef34f"
  version = "v0.1.0"

[[projects]]
  branch = "master"
  name = "golang.org/x/crypto"
  packages = ["pbkdf2"]
  revision = "a49355c7e3f8fe157a85be2f77e6e269a0f89602"

[[projects]]
  branch = "master"
  name = "golang.org/x/net"
  packages = ["context"]
  revision = "039a4258aec0ad3c79b905677cceeab13b296a77"

[[projects]]
  branch = "v1"
  name = "gopkg.in/check.v1"
  packages = ["."]
  revision = "788fd78401277ebd861206a03c884797c6ec5541"

[[projects]]
  branch = "v2"
  name = "gopkg.in/juju/names.v2"
  packages = ["."]
  revision = "fd59336b4621bc2a70bf96d9e2f49954115ad19b"

[[projects]]
  branch = "v2"
  name = "gopkg.in/mgo.v2"
  packages = [
    ".",
    "bson",
    "internal/json",
    "internal/sasl",
    "internal/scram"
  ]
  revision = "9856a29383ce1c59f308dd1cf0363a79b5bef6b5"

[[projects]]
  name = "gopkg.in/yaml.v2"
  packages = ["."]
  revision = "5420a8b6744d3b0345ab293f6fcba19c978f1183"
  version = "v2.2.1"

[solve-meta]
  analyzer-name = "dep"
  analyzer-version = 1
  inputs-digest = "6c92affbee654658e9430f9e717a1e2efdbf12e3846f42f9d98a74e6afe29c83"
  solver-name = "gps-cdcl"
  solver-version = 1
