# This file is autogenerated, do not edit; changes may be undone by the next 'dep ensure'.


[[projects]]
  name = "github.com/davecgh/go-spew"
  packages = ["spew"]
  revision = "346938d642f2ec3594ed81d874461961cd0faa76"
  version = "v1.1.0"

[[projects]]
  branch = "master"
  name = "github.com/juju/errors"
  packages = ["."]
  revision = "c7d06af17c68cd34c835053720b21f6549d9b0ee"

[[projects]]
  branch = "master"
  name = "github.com/juju/loggo"
  packages = ["."]
  revision = "584905176618da46b895b176c721b02c476b6993"

[[projects]]
  branch = "master"
  name = "github.com/juju/schema"
  packages = ["."]
  revision = "e4f08199aa80d3194008c0bd2e14ef5edc0e6be6"

[[projects]]
  branch = "master"
  name = "github.com/juju/utils"
  packages = [
    ".",
    "clock",
    "set"
  ]
  revision = "c746c6e86f4fb2a04bc08d66b7a0f7e900d9cbab"

[[projects]]
  branch = "master"
  name = "github.com/juju/version"
  packages = ["."]
  revision = "b64dbd566305c836274f0268fa59183a52906b36"

[[projects]]
  branch = "master"
  name = "github.com/lxc/lxd"
  packages = ["shared/logger"]
  revision = "1a0d71beb873c18ab744a2909c18658ce5203f62"

[[projects]]
  name = "github.com/pmezard/go-difflib"
  packages = ["difflib"]
  revision = "792786c7400a136282c1664665ae0a8db921c6c2"
  version = "v1.0.0"

[[projects]]
  name = "github.com/stretchr/testify"
  packages = ["assert"]
  revision = "f35b8ab0b5a2cef36673838d662e249dd9c94686"
  version = "v1.2.2"

[[projects]]
  name = "github.com/tidwall/gjson"
  packages = ["."]
  revision = "f123b340873a0084cb27267eddd8ff615115fbff"
  version = "v1.1.2"

[[projects]]
  branch = "master"
  name = "github.com/tidwall/match"
  packages = ["."]
  revision = "1731857f09b1f38450e2c12409748407822dc6be"

[[projects]]
  branch = "master"
  name = "golang.org/x/crypto"
  packages = ["pbkdf2"]
  revision = "a49355c7e3f8fe157a85be2f77e6e269a0f89602"

[[projects]]
  branch = "master"
  name = "golang.org/x/net"
  packages = ["context"]
  revision = "039a4258aec0ad3c79b905677cceeab13b296a77"

[[projects]]
  branch = "v2"
  name = "gopkg.in/juju/names.v2"
  packages = ["."]
  revision = "fd59336b4621bc2a70bf96d9e2f49954115ad19b"

[[projects]]
  branch = "v2"
  name = "gopkg.in/mgo.v2"
  packages = [
    "bson",
    "internal/json"
  ]
  revision = "9856a29383ce1c59f308dd1cf0363a79b5bef6b5"

[[projects]]
  name = "gopkg.in/yaml.v2"
  packages = ["."]
  revision = "5420a8b6744d3b0345ab293f6fcba19c978f1183"
  version = "v2.2.1"

[solve-meta]
  analyzer-name = "dep"
  analyzer-version = 1
  inputs-digest = "15c20f690a378f4c5553c528266ac9eb12f61ca25c38554ed1caae0f2a7b8ae2"
  solver-name = "gps-cdcl"
  solver-version = 1
